
Microsoft Visual Studio Solution File, Format Version 12.00
# Visual Studio Version 16
VisualStudioVersion = 16.0.29911.84
MinimumVisualStudioVersion = 10.0.40219.1
Project("{FAE04EC0-301F-11D3-BF4B-00C04F79EFBC}") = "exercicio-linq-lambda2", "exercicio-linq-lambda2\exercicio-linq-lambda2.csproj", "{2AB1C2A4-4FA3-4DAC-8B82-E730CA6BC6C9}"
EndProject
Global
	GlobalSection(SolutionConfigurationPlatforms) = preSolution
		Debug|Any CPU = Debug|Any CPU
		Release|Any CPU = Release|Any CPU
	EndGlobalSection
	GlobalSection(ProjectConfigurationPlatforms) = postSolution
		{2AB1C2A4-4FA3-4DAC-8B82-E730CA6BC6C9}.Debug|Any CPU.ActiveCfg = Debug|Any CPU
		{2AB1C2A4-4FA3-4DAC-8B82-E730CA6BC6C9}.Debug|Any CPU.Build.0 = Debug|Any CPU
		{2AB1C2A4-4FA3-4DAC-8B82-E730CA6BC6C9}.Release|Any CPU.ActiveCfg = Release|Any CPU
		{2AB1C2A4-4FA3-4DAC-8B82-E730CA6BC6C9}.Release|Any CPU.Build.0 = Release|Any CPU
	EndGlobalSection
	GlobalSection(SolutionProperties) = preSolution
		HideSolutionNode = FALSE
	EndGlobalSection
	GlobalSection(ExtensibilityGlobals) = postSolution
		SolutionGuid = {E5523CC3-B688-4785-BE0F-7D5362BF33F3}
	EndGlobalSection
EndGlobal
